<?xml version="1.0" encoding="utf-8"?>
<Project ToolsVersion="4.0" xmlns="http://schemas.microsoft.com/developer/msbuild/2003">
  <ItemGroup>
    <Filter Include="platform">
      <UniqueIdentifier>{8ce17a23-d602-4548-a0e3-ff4142116c46}</UniqueIdentifier>
    </Filter>
    <Filter Include="core">
      <UniqueIdentifier>{2be42d33-8b67-4d69-95b8-ef1ee7f85eab}</UniqueIdentifier>
    </Filter>
    <Filter Include="rendering">
      <UniqueIdentifier>{7f344359-ce2d-46cf-b595-e72759842c53}</UniqueIdentifier>
    </Filter>
    <Filter Include="common">
      <UniqueIdentifier>{dd012ddf-a1bd-4d6e-b6d9-4a130eee1228}</UniqueIdentifier>
    </Filter>
  </ItemGroup>
  <ItemGroup>
    <ClInclude Include="platform\application.h">
      <Filter>platform</Filter>
    </ClInclude>
    <ClInclude Include="platform\window.h">
      <Filter>platform</Filter>
    </ClInclude>
    <ClInclude Include="platform\glfw_window.h">
      <Filter>platform</Filter>
    </ClInclude>
    <ClInclude Include="vulkan_sample.h" />
    <ClInclude Include="core\hpp_instance.h">
      <Filter>core</Filter>
    </ClInclude>
    <ClInclude Include="stdafx.h" />
    <ClInclude Include="core\hpp_physical_device.h">
      <Filter>core</Filter>
    </ClInclude>
    <ClInclude Include="core\hpp_device.h">
      <Filter>core</Filter>
    </ClInclude>
    <ClInclude Include="core\vulkan_resource.h">
      <Filter>core</Filter>
    </ClInclude>
    <ClInclude Include="core\hpp_queue.h">
      <Filter>core</Filter>
    </ClInclude>
    <ClInclude Include="rendering\hpp_render_context.h">
      <Filter>rendering</Filter>
    </ClInclude>
    <ClInclude Include="core\hpp_swapchain.h">
      <Filter>core</Filter>
    </ClInclude>
    <ClInclude Include="rendering\hpp_render_frame.h">
      <Filter>rendering</Filter>
    </ClInclude>
    <ClInclude Include="rendering\hpp_render_target.h">
      <Filter>rendering</Filter>
    </ClInclude>
    <ClInclude Include="core\allocated.h">
      <Filter>core</Filter>
    </ClInclude>
    <ClInclude Include="core\hpp_image.h">
      <Filter>core</Filter>
    </ClInclude>
    <ClInclude Include="core\hpp_image_view.h">
      <Filter>core</Filter>
    </ClInclude>
    <ClInclude Include="builder_base.h" />
    <ClInclude Include="common\vk_common.h">
      <Filter>common</Filter>
    </ClInclude>
    <ClInclude Include="core\hpp_render_pass.h">
      <Filter>core</Filter>
    </ClInclude>
    <ClInclude Include="core\hpp_command_pool.h">
      <Filter>core</Filter>
    </ClInclude>
    <ClInclude Include="core\hpp_command_buffer.h">
      <Filter>core</Filter>
    </ClInclude>
    <ClInclude Include="rendering\hpp_render_pipeline.h">
      <Filter>rendering</Filter>
    </ClInclude>
    <ClInclude Include="hpp_resource_cache.h" />
    <ClInclude Include="core\hpp_framebuffer.h">
      <Filter>core</Filter>
    </ClInclude>
  </ItemGroup>
  <ItemGroup>
    <ClCompile Include="platform\application.cpp">
      <Filter>platform</Filter>
    </ClCompile>
    <ClCompile Include="platform\window.cpp">
      <Filter>platform</Filter>
    </ClCompile>
    <ClCompile Include="platform\glfw_window.cpp">
      <Filter>platform</Filter>
    </ClCompile>
    <ClCompile Include="vulkan_sample.cpp" />
    <ClCompile Include="core\hpp_instance.cpp">
      <Filter>core</Filter>
    </ClCompile>
    <ClCompile Include="stdafx.cpp" />
    <ClCompile Include="core\hpp_physical_device.cpp">
      <Filter>core</Filter>
    </ClCompile>
    <ClCompile Include="core\hpp_device.cpp">
      <Filter>core</Filter>
    </ClCompile>
    <ClCompile Include="core\vulkan_resource.cpp">
      <Filter>core</Filter>
    </ClCompile>
    <ClCompile Include="core\hpp_queue.cpp">
      <Filter>core</Filter>
    </ClCompile>
    <ClCompile Include="rendering\hpp_render_context.cpp">
      <Filter>rendering</Filter>
    </ClCompile>
    <ClCompile Include="core\hpp_swapchain.cpp">
      <Filter>core</Filter>
    </ClCompile>
    <ClCompile Include="rendering\hpp_render_frame.cpp">
      <Filter>rendering</Filter>
    </ClCompile>
    <ClCompile Include="rendering\hpp_render_target.cpp">
      <Filter>rendering</Filter>
    </ClCompile>
    <ClCompile Include="core\allocated.cpp">
      <Filter>core</Filter>
    </ClCompile>
    <ClCompile Include="core\hpp_image.cpp">
      <Filter>core</Filter>
    </ClCompile>
    <ClCompile Include="core\hpp_image_view.cpp">
      <Filter>core</Filter>
    </ClCompile>
    <ClCompile Include="common\vk_common.cpp">
      <Filter>common</Filter>
    </ClCompile>
    <ClCompile Include="builder_base.cpp" />
    <ClCompile Include="core\hpp_render_pass.cpp">
      <Filter>core</Filter>
    </ClCompile>
    <ClCompile Include="core\hpp_command_pool.cpp">
      <Filter>core</Filter>
    </ClCompile>
    <ClCompile Include="core\hpp_command_buffer.cpp">
      <Filter>core</Filter>
    </ClCompile>
    <ClCompile Include="rendering\hpp_render_pipeline.cpp">
      <Filter>rendering</Filter>
    </ClCompile>
    <ClCompile Include="hpp_resource_cache.cpp" />
    <ClCompile Include="core\hpp_framebuffer.cpp">
      <Filter>core</Filter>
    </ClCompile>
  </ItemGroup>
</Project>